
Microsoft Visual Studio Solution File, Format Version 12.00
# Visual Studio Version 17
VisualStudioVersion = 17.5.2.0
MinimumVisualStudioVersion = 10.0.40219.1
Project("{FAE04EC0-301F-11D3-BF4B-00C04F79EFBC}") = "ApiRest_C", "ApiRest_C\ApiRest_C.csproj", "{6920672B-B1CE-3337-2167-DDADA445EABA}"
EndProject
Project("{FAE04EC0-301F-11D3-BF4B-00C04F79EFBC}") = "mservicioAuth", "mservicioAuth\mservicioAuth.csproj", "{0FB6EFD9-7CD7-4D28-A5F4-C9CB9B7DA1EB}"
EndProject
Global
	GlobalSection(SolutionConfigurationPlatforms) = preSolution
		Debug|Any CPU = Debug|Any CPU
		Debug|x64 = Debug|x64
		Debug|x86 = Debug|x86
		Release|Any CPU = Release|Any CPU
		Release|x64 = Release|x64
		Release|x86 = Release|x86
	EndGlobalSection
	GlobalSection(ProjectConfigurationPlatforms) = postSolution
		{6920672B-B1CE-3337-2167-DDADA445EABA}.Debug|Any CPU.ActiveCfg = Debug|Any CPU
		{6920672B-B1CE-3337-2167-DDADA445EABA}.Debug|Any CPU.Build.0 = Debug|Any CPU
		{6920672B-B1CE-3337-2167-DDADA445EABA}.Debug|x64.ActiveCfg = Debug|Any CPU
		{6920672B-B1CE-3337-2167-DDADA445EABA}.Debug|x64.Build.0 = Debug|Any CPU
		{6920672B-B1CE-3337-2167-DDADA445EABA}.Debug|x86.ActiveCfg = Debug|Any CPU
		{6920672B-B1CE-3337-2167-DDADA445EABA}.Debug|x86.Build.0 = Debug|Any CPU
		{6920672B-B1CE-3337-2167-DDADA445EABA}.Release|Any CPU.ActiveCfg = Release|Any CPU
		{6920672B-B1CE-3337-2167-DDADA445EABA}.Release|Any CPU.Build.0 = Release|Any CPU
		{6920672B-B1CE-3337-2167-DDADA445EABA}.Release|x64.ActiveCfg = Release|Any CPU
		{6920672B-B1CE-3337-2167-DDADA445EABA}.Release|x64.Build.0 = Release|Any CPU
		{6920672B-B1CE-3337-2167-DDADA445EABA}.Release|x86.ActiveCfg = Release|Any CPU
		{6920672B-B1CE-3337-2167-DDADA445EABA}.Release|x86.Build.0 = Release|Any CPU
		{0FB6EFD9-7CD7-4D28-A5F4-C9CB9B7DA1EB}.Debug|Any CPU.ActiveCfg = Debug|Any CPU
		{0FB6EFD9-7CD7-4D28-A5F4-C9CB9B7DA1EB}.Debug|Any CPU.Build.0 = Debug|Any CPU
		{0FB6EFD9-7CD7-4D28-A5F4-C9CB9B7DA1EB}.Debug|x64.ActiveCfg = Debug|Any CPU
		{0FB6EFD9-7CD7-4D28-A5F4-C9CB9B7DA1EB}.Debug|x64.Build.0 = Debug|Any CPU
		{0FB6EFD9-7CD7-4D28-A5F4-C9CB9B7DA1EB}.Debug|x86.ActiveCfg = Debug|Any CPU
		{0FB6EFD9-7CD7-4D28-A5F4-C9CB9B7DA1EB}.Debug|x86.Build.0 = Debug|Any CPU
		{0FB6EFD9-7CD7-4D28-A5F4-C9CB9B7DA1EB}.Release|Any CPU.ActiveCfg = Release|Any CPU
		{0FB6EFD9-7CD7-4D28-A5F4-C9CB9B7DA1EB}.Release|Any CPU.Build.0 = Release|Any CPU
		{0FB6EFD9-7CD7-4D28-A5F4-C9CB9B7DA1EB}.Release|x64.ActiveCfg = Release|Any CPU
		{0FB6EFD9-7CD7-4D28-A5F4-C9CB9B7DA1EB}.Release|x64.Build.0 = Release|Any CPU
		{0FB6EFD9-7CD7-4D28-A5F4-C9CB9B7DA1EB}.Release|x86.ActiveCfg = Release|Any CPU
		{0FB6EFD9-7CD7-4D28-A5F4-C9CB9B7DA1EB}.Release|x86.Build.0 = Release|Any CPU
	EndGlobalSection
	GlobalSection(SolutionProperties) = preSolution
		HideSolutionNode = FALSE
	EndGlobalSection
	GlobalSection(ExtensibilityGlobals) = postSolution
		SolutionGuid = {7986A4EA-B3FC-4D50-A39B-3371475EE3B9}
	EndGlobalSection
EndGlobal
